
Microsoft Visual Studio Solution File, Format Version 12.00
# Visual Studio 15
VisualStudioVersion = 15.0.28307.572
MinimumVisualStudioVersion = 10.0.40219.1
Project("{8BC9CEB8-8B4A-11D0-8D11-00A0C91BC942}") = "Lab5 SDA", "Lab5 SDA\Lab5 SDA.vcxproj", "{8CDE26F5-9739-40EB-BCAB-B158DDF185F1}"
EndProject
Global
	GlobalSection(SolutionConfigurationPlatforms) = preSolution
		Debug|x64 = Debug|x64
		Debug|x86 = Debug|x86
		Release|x64 = Release|x64
		Release|x86 = Release|x86
	EndGlobalSection
	GlobalSection(ProjectConfigurationPlatforms) = postSolution
		{8CDE26F5-9739-40EB-BCAB-B158DDF185F1}.Debug|x64.ActiveCfg = Debug|x64
		{8CDE26F5-9739-40EB-BCAB-B158DDF185F1}.Debug|x64.Build.0 = Debug|x64
		{8CDE26F5-9739-40EB-BCAB-B158DDF185F1}.Debug|x86.ActiveCfg = Debug|Win32
		{8CDE26F5-9739-40EB-BCAB-B158DDF185F1}.Debug|x86.Build.0 = Debug|Win32
		{8CDE26F5-9739-40EB-BCAB-B158DDF185F1}.Release|x64.ActiveCfg = Release|x64
		{8CDE26F5-9739-40EB-BCAB-B158DDF185F1}.Release|x64.Build.0 = Release|x64
		{8CDE26F5-9739-40EB-BCAB-B158DDF185F1}.Release|x86.ActiveCfg = Release|Win32
		{8CDE26F5-9739-40EB-BCAB-B158DDF185F1}.Release|x86.Build.0 = Release|Win32
	EndGlobalSection
	GlobalSection(SolutionProperties) = preSolution
		HideSolutionNode = FALSE
	EndGlobalSection
	GlobalSection(ExtensibilityGlobals) = postSolution
		SolutionGuid = {10A550A2-506A-4735-959E-627E45ED1E79}
	EndGlobalSection
EndGlobal
